PODS:
  - AFNetworking (3.0.4):
    - AFNetworking/NSURLSession (= 3.0.4)
    - AFNetworking/Reachability (= 3.0.4)
    - AFNetworking/Security (= 3.0.4)
    - AFNetworking/Serialization (= 3.0.4)
    - AFNetworking/UIKit (= 3.0.4)
  - AFNetworking/NSURLSession (3.0.4):
    - AFNetworking/Reachability
    - AFNetworking/Security
    - AFNetworking/Serialization
  - AFNetworking/Reachability (3.0.4)
  - AFNetworking/Security (3.0.4)
  - AFNetworking/Serialization (3.0.4)
  - AFNetworking/UIKit (3.0.4):
    - AFNetworking/NSURLSession
  - BDBOAuth1Manager (2.0.0):
    - AFNetworking/NSURLSession (~> 3.0.0)
  - Bolts/Tasks (1.9.1)
  - FBSDKCoreKit (11.0.1):
    - FBSDKCoreKit/Core (= 11.0.1)
  - FBSDKCoreKit/Core (11.0.1):
    - FBSDKCoreKit_Basics (~> 11.0.1)
  - FBSDKCoreKit_Basics (11.0.1):
    - FBSDKCoreKit_Basics/Basics (= 11.0.1)
  - FBSDKCoreKit_Basics/Basics (11.0.1)
  - FBSDKLoginKit (11.0.1):
    - FBSDKLoginKit/Login (= 11.0.1)
  - FBSDKLoginKit/Login (11.0.1):
    - FBSDKCoreKit (~> 11.0.1)
    - FBSDKCoreKit_Basics (~> 11.0.1)
  - Parse (1.19.3):
    - Parse/Core (= 1.19.3)
  - Parse/Core (1.19.3):
    - Bolts/Tasks (= 1.9.1)
  - Parse/FacebookUtils (1.19.3):
    - Bolts/Tasks (~> 1.9.1)
    - FBSDKLoginKit (= 11.0.1)
    - Parse/Core

DEPENDENCIES:
  - AFNetworking
  - BDBOAuth1Manager
  - FBSDKLoginKit
  - Parse
  - Parse/FacebookUtils

SPEC REPOS:
  trunk:
    - AFNetworking
    - BDBOAuth1Manager
    - Bolts
    - FBSDKCoreKit
    - FBSDKCoreKit_Basics
    - FBSDKLoginKit
    - Parse

SPEC CHECKSUMS:
  AFNetworking: a0075feb321559dc78d9d85b55d11caa19eabb93
  BDBOAuth1Manager: 92d17d06f8a648602962304cd2f35ae7394fa001
  Bolts: 8c1e8aab2f603387b8b9924f57d1d64f43d3ffdc
  FBSDKCoreKit: 38c9e29a3f1436362acacff6486d3a28628c288f
  FBSDKCoreKit_Basics: 06780a4a12e16596bde8406add02c6aa1bf38616
  FBSDKLoginKit: 8243e04c590c38b85c69fcf09d1234514d2475c3
  Parse: 0abb63a0ff6fa34a3f64b81d595a294e2ece143a

PODFILE CHECKSUM: 9b5f83b87a97d9f0dc9ed69565787a81dd88dc14

COCOAPODS: 1.11.3
