// !$*UTF8*$!
{
	archiveVersion = 1;
	classes = {
	};
	objectVersion = 55;
	objects = {

/* Begin PBXBuildFile section */
		16692DC7D729714C79B52211 /* Pods_RecipeMatchTests.framework in Frameworks */ = {isa = PBXBuildFile; fileRef = B2A4596869D9F6C74E37DA50 /* Pods_RecipeMatchTests.framework */; };
		750237B82876010F00367EE7 /* AppDelegate.m in Sources */ = {isa = PBXBuildFile; fileRef = 750237B72876010F00367EE7 /* AppDelegate.m */; };
		750237BB2876010F00367EE7 /* SceneDelegate.m in Sources */ = {isa = PBXBuildFile; fileRef = 750237BA2876010F00367EE7 /* SceneDelegate.m */; };
		750237C12876010F00367EE7 /* Main.storyboard in Resources */ = {isa = PBXBuildFile; fileRef = 750237BF2876010F00367EE7 /* Main.storyboard */; };
		750237C32876011000367EE7 /* Assets.xcassets in Resources */ = {isa = PBXBuildFile; fileRef = 750237C22876011000367EE7 /* Assets.xcassets */; };
		750237C62876011000367EE7 /* LaunchScreen.storyboard in Resources */ = {isa = PBXBuildFile; fileRef = 750237C42876011000367EE7 /* LaunchScreen.storyboard */; };
		750237C92876011000367EE7 /* main.m in Sources */ = {isa = PBXBuildFile; fileRef = 750237C82876011000367EE7 /* main.m */; };
		750237D32876011000367EE7 /* RecipeMatchTests.m in Sources */ = {isa = PBXBuildFile; fileRef = 750237D22876011000367EE7 /* RecipeMatchTests.m */; };
		750237DD2876011000367EE7 /* RecipeMatchUITests.m in Sources */ = {isa = PBXBuildFile; fileRef = 750237DC2876011000367EE7 /* RecipeMatchUITests.m */; };
		750237DF2876011000367EE7 /* RecipeMatchUITestsLaunchTests.m in Sources */ = {isa = PBXBuildFile; fileRef = 750237DE2876011000367EE7 /* RecipeMatchUITestsLaunchTests.m */; };
		750237ED287601AC00367EE7 /* LoginViewController.m in Sources */ = {isa = PBXBuildFile; fileRef = 750237EC287601AC00367EE7 /* LoginViewController.m */; };
		750237F0287603C400367EE7 /* ProfileViewController.m in Sources */ = {isa = PBXBuildFile; fileRef = 750237EF287603C400367EE7 /* ProfileViewController.m */; };
		750237F3287603D700367EE7 /* StreamViewController.m in Sources */ = {isa = PBXBuildFile; fileRef = 750237F2287603D700367EE7 /* StreamViewController.m */; };
		750237F7287611AF00367EE7 /* DraggableViewBackground.m in Sources */ = {isa = PBXBuildFile; fileRef = 750237F6287611AF00367EE7 /* DraggableViewBackground.m */; };
		750237FA287611E900367EE7 /* DraggableView.m in Sources */ = {isa = PBXBuildFile; fileRef = 750237F9287611E900367EE7 /* DraggableView.m */; };
		750237FD287612BC00367EE7 /* OverlayView.m in Sources */ = {isa = PBXBuildFile; fileRef = 750237FC287612BC00367EE7 /* OverlayView.m */; };
		750238152878D17000367EE7 /* APIManager.m in Sources */ = {isa = PBXBuildFile; fileRef = 750238142878D17000367EE7 /* APIManager.m */; };
		7502381D2878E06E00367EE7 /* SavedRecipe.m in Sources */ = {isa = PBXBuildFile; fileRef = 7502381C2878E06E00367EE7 /* SavedRecipe.m */; };
		75023823287C823300367EE7 /* GridRecipeCell.m in Sources */ = {isa = PBXBuildFile; fileRef = 75023822287C823300367EE7 /* GridRecipeCell.m */; };
		75023826287CA6E500367EE7 /* DetailsViewController.m in Sources */ = {isa = PBXBuildFile; fileRef = 75023825287CA6E500367EE7 /* DetailsViewController.m */; };
		7548BE7B287F2C3700BC2070 /* PreferencesViewController.m in Sources */ = {isa = PBXBuildFile; fileRef = 7548BE7A287F2C3700BC2070 /* PreferencesViewController.m */; };
		7548BE80288086F200BC2070 /* Keys.plist in Resources */ = {isa = PBXBuildFile; fileRef = 7548BE7F288086F200BC2070 /* Keys.plist */; };
		7548BE862881D15700BC2070 /* LikedRecipe.m in Sources */ = {isa = PBXBuildFile; fileRef = 7548BE852881D15700BC2070 /* LikedRecipe.m */; };
		7548BE89288EF85800BC2070 /* SearchViewController.m in Sources */ = {isa = PBXBuildFile; fileRef = 7548BE88288EF85800BC2070 /* SearchViewController.m */; };
		7548BE8C288EFC0A00BC2070 /* SearchCollectionReusableView.m in Sources */ = {isa = PBXBuildFile; fileRef = 7548BE8B288EFC0A00BC2070 /* SearchCollectionReusableView.m */; };
		7548BE922893432700BC2070 /* EmptyCollectionReusableView.m in Sources */ = {isa = PBXBuildFile; fileRef = 7548BE912893432700BC2070 /* EmptyCollectionReusableView.m */; };
		7548BE952894535400BC2070 /* RecipeModel.m in Sources */ = {isa = PBXBuildFile; fileRef = 7548BE942894535400BC2070 /* RecipeModel.m */; };
		754CAA27289D8A34000C980B /* ProfileCollectionReusableView.m in Sources */ = {isa = PBXBuildFile; fileRef = 754CAA26289D8A34000C980B /* ProfileCollectionReusableView.m */; };
		A74E2894CD83D5E1047F12D0 /* Pods_RecipeMatch_RecipeMatchUITests.framework in Frameworks */ = {isa = PBXBuildFile; fileRef = 26889765EC5EA3D03E86E404 /* Pods_RecipeMatch_RecipeMatchUITests.framework */; };
		CA1A918B51F4079691FD76D0 /* Pods_RecipeMatch.framework in Frameworks */ = {isa = PBXBuildFile; fileRef = 11812B93E8622B188D62C6F7 /* Pods_RecipeMatch.framework */; };
/* End PBXBuildFile section */

/* Begin PBXContainerItemProxy section */
		750237CF2876011000367EE7 /* PBXContainerItemProxy */ = {
			isa = PBXContainerItemProxy;
			containerPortal = 750237AB2876010F00367EE7 /* Project object */;
			proxyType = 1;
			remoteGlobalIDString = 750237B22876010F00367EE7;
			remoteInfo = RecipeMatch;
		};
		750237D92876011000367EE7 /* PBXContainerItemProxy */ = {
			isa = PBXContainerItemProxy;
			containerPortal = 750237AB2876010F00367EE7 /* Project object */;
			proxyType = 1;
			remoteGlobalIDString = 750237B22876010F00367EE7;
			remoteInfo = RecipeMatch;
		};
/* End PBXContainerItemProxy section */

/* Begin PBXFileReference section */
		11812B93E8622B188D62C6F7 /* Pods_RecipeMatch.framework */ = {isa = PBXFileReference; explicitFileType = wrapper.framework; includeInIndex = 0; path = Pods_RecipeMatch.framework; sourceTree = BUILT_PRODUCTS_DIR; };
		151AF8F4A19AEE586A669C9B /* Pods-RecipeMatch.release.xcconfig */ = {isa = PBXFileReference; includeInIndex = 1; lastKnownFileType = text.xcconfig; name = "Pods-RecipeMatch.release.xcconfig"; path = "Target Support Files/Pods-RecipeMatch/Pods-RecipeMatch.release.xcconfig"; sourceTree = "<group>"; };
		26889765EC5EA3D03E86E404 /* Pods_RecipeMatch_RecipeMatchUITests.framework */ = {isa = PBXFileReference; explicitFileType = wrapper.framework; includeInIndex = 0; path = Pods_RecipeMatch_RecipeMatchUITests.framework; sourceTree = BUILT_PRODUCTS_DIR; };
		3B174C8644305350407D6119 /* Pods-RecipeMatch.debug.xcconfig */ = {isa = PBXFileReference; includeInIndex = 1; lastKnownFileType = text.xcconfig; name = "Pods-RecipeMatch.debug.xcconfig"; path = "Target Support Files/Pods-RecipeMatch/Pods-RecipeMatch.debug.xcconfig"; sourceTree = "<group>"; };
		3F510171507E7DD54422667D /* Pods-RecipeMatch-RecipeMatchUITests.debug.xcconfig */ = {isa = PBXFileReference; includeInIndex = 1; lastKnownFileType = text.xcconfig; name = "Pods-RecipeMatch-RecipeMatchUITests.debug.xcconfig"; path = "Target Support Files/Pods-RecipeMatch-RecipeMatchUITests/Pods-RecipeMatch-RecipeMatchUITests.debug.xcconfig"; sourceTree = "<group>"; };
		4FB57C47F701FE8B2A43690B /* Pods-RecipeMatchTests.release.xcconfig */ = {isa = PBXFileReference; includeInIndex = 1; lastKnownFileType = text.xcconfig; name = "Pods-RecipeMatchTests.release.xcconfig"; path = "Target Support Files/Pods-RecipeMatchTests/Pods-RecipeMatchTests.release.xcconfig"; sourceTree = "<group>"; };
		750237B32876010F00367EE7 /* YesPeas.app */ = {isa = PBXFileReference; explicitFileType = wrapper.application; includeInIndex = 0; path = YesPeas.app; sourceTree = BUILT_PRODUCTS_DIR; };
		750237B62876010F00367EE7 /* AppDelegate.h */ = {isa = PBXFileReference; lastKnownFileType = sourcecode.c.h; path = AppDelegate.h; sourceTree = "<group>"; };
		750237B72876010F00367EE7 /* AppDelegate.m */ = {isa = PBXFileReference; lastKnownFileType = sourcecode.c.objc; path = AppDelegate.m; sourceTree = "<group>"; };
		750237B92876010F00367EE7 /* SceneDelegate.h */ = {isa = PBXFileReference; lastKnownFileType = sourcecode.c.h; path = SceneDelegate.h; sourceTree = "<group>"; };
		750237BA2876010F00367EE7 /* SceneDelegate.m */ = {isa = PBXFileReference; lastKnownFileType = sourcecode.c.objc; path = SceneDelegate.m; sourceTree = "<group>"; };
		750237C02876010F00367EE7 /* Base */ = {isa = PBXFileReference; lastKnownFileType = file.storyboard; name = Base; path = Base.lproj/Main.storyboard; sourceTree = "<group>"; };
		750237C22876011000367EE7 /* Assets.xcassets */ = {isa = PBXFileReference; lastKnownFileType = folder.assetcatalog; path = Assets.xcassets; sourceTree = "<group>"; };
		750237C52876011000367EE7 /* Base */ = {isa = PBXFileReference; lastKnownFileType = file.storyboard; name = Base; path = Base.lproj/LaunchScreen.storyboard; sourceTree = "<group>"; };
		750237C72876011000367EE7 /* Info.plist */ = {isa = PBXFileReference; lastKnownFileType = text.plist.xml; path = Info.plist; sourceTree = "<group>"; };
		750237C82876011000367EE7 /* main.m */ = {isa = PBXFileReference; lastKnownFileType = sourcecode.c.objc; path = main.m; sourceTree = "<group>"; };
		750237CE2876011000367EE7 /* RecipeMatchTests.xctest */ = {isa = PBXFileReference; explicitFileType = wrapper.cfbundle; includeInIndex = 0; path = RecipeMatchTests.xctest; sourceTree = BUILT_PRODUCTS_DIR; };
		750237D22876011000367EE7 /* RecipeMatchTests.m */ = {isa = PBXFileReference; lastKnownFileType = sourcecode.c.objc; path = RecipeMatchTests.m; sourceTree = "<group>"; };
		750237D82876011000367EE7 /* RecipeMatchUITests.xctest */ = {isa = PBXFileReference; explicitFileType = wrapper.cfbundle; includeInIndex = 0; path = RecipeMatchUITests.xctest; sourceTree = BUILT_PRODUCTS_DIR; };
		750237DC2876011000367EE7 /* RecipeMatchUITests.m */ = {isa = PBXFileReference; lastKnownFileType = sourcecode.c.objc; path = RecipeMatchUITests.m; sourceTree = "<group>"; };
		750237DE2876011000367EE7 /* RecipeMatchUITestsLaunchTests.m */ = {isa = PBXFileReference; lastKnownFileType = sourcecode.c.objc; path = RecipeMatchUITestsLaunchTests.m; sourceTree = "<group>"; };
		750237EB287601AC00367EE7 /* LoginViewController.h */ = {isa = PBXFileReference; lastKnownFileType = sourcecode.c.h; path = LoginViewController.h; sourceTree = "<group>"; };
		750237EC287601AC00367EE7 /* LoginViewController.m */ = {isa = PBXFileReference; lastKnownFileType = sourcecode.c.objc; path = LoginViewController.m; sourceTree = "<group>"; };
		750237EE287603C400367EE7 /* ProfileViewController.h */ = {isa = PBXFileReference; lastKnownFileType = sourcecode.c.h; path = ProfileViewController.h; sourceTree = "<group>"; };
		750237EF287603C400367EE7 /* ProfileViewController.m */ = {isa = PBXFileReference; lastKnownFileType = sourcecode.c.objc; path = ProfileViewController.m; sourceTree = "<group>"; };
		750237F1287603D700367EE7 /* StreamViewController.h */ = {isa = PBXFileReference; lastKnownFileType = sourcecode.c.h; path = StreamViewController.h; sourceTree = "<group>"; };
		750237F2287603D700367EE7 /* StreamViewController.m */ = {isa = PBXFileReference; lastKnownFileType = sourcecode.c.objc; path = StreamViewController.m; sourceTree = "<group>"; };
		750237F5287611AF00367EE7 /* DraggableViewBackground.h */ = {isa = PBXFileReference; lastKnownFileType = sourcecode.c.h; path = DraggableViewBackground.h; sourceTree = "<group>"; };
		750237F6287611AF00367EE7 /* DraggableViewBackground.m */ = {isa = PBXFileReference; lastKnownFileType = sourcecode.c.objc; path = DraggableViewBackground.m; sourceTree = "<group>"; };
		750237F8287611E900367EE7 /* DraggableView.h */ = {isa = PBXFileReference; lastKnownFileType = sourcecode.c.h; path = DraggableView.h; sourceTree = "<group>"; };
		750237F9287611E900367EE7 /* DraggableView.m */ = {isa = PBXFileReference; lastKnownFileType = sourcecode.c.objc; path = DraggableView.m; sourceTree = "<group>"; };
		750237FB287612BC00367EE7 /* OverlayView.h */ = {isa = PBXFileReference; lastKnownFileType = sourcecode.c.h; path = OverlayView.h; sourceTree = "<group>"; };
		750237FC287612BC00367EE7 /* OverlayView.m */ = {isa = PBXFileReference; lastKnownFileType = sourcecode.c.objc; path = OverlayView.m; sourceTree = "<group>"; };
		750238062877857100367EE7 /* RecipeMatch.entitlements */ = {isa = PBXFileReference; lastKnownFileType = text.plist.entitlements; path = RecipeMatch.entitlements; sourceTree = "<group>"; };
		750238132878D17000367EE7 /* APIManager.h */ = {isa = PBXFileReference; lastKnownFileType = sourcecode.c.h; path = APIManager.h; sourceTree = "<group>"; };
		750238142878D17000367EE7 /* APIManager.m */ = {isa = PBXFileReference; lastKnownFileType = sourcecode.c.objc; path = APIManager.m; sourceTree = "<group>"; };
		7502381B2878E06E00367EE7 /* SavedRecipe.h */ = {isa = PBXFileReference; lastKnownFileType = sourcecode.c.h; path = SavedRecipe.h; sourceTree = "<group>"; };
		7502381C2878E06E00367EE7 /* SavedRecipe.m */ = {isa = PBXFileReference; lastKnownFileType = sourcecode.c.objc; path = SavedRecipe.m; sourceTree = "<group>"; };
		75023821287C823300367EE7 /* GridRecipeCell.h */ = {isa = PBXFileReference; lastKnownFileType = sourcecode.c.h; path = GridRecipeCell.h; sourceTree = "<group>"; };
		75023822287C823300367EE7 /* GridRecipeCell.m */ = {isa = PBXFileReference; lastKnownFileType = sourcecode.c.objc; path = GridRecipeCell.m; sourceTree = "<group>"; };
		75023824287CA6E500367EE7 /* DetailsViewController.h */ = {isa = PBXFileReference; lastKnownFileType = sourcecode.c.h; path = DetailsViewController.h; sourceTree = "<group>"; };
		75023825287CA6E500367EE7 /* DetailsViewController.m */ = {isa = PBXFileReference; lastKnownFileType = sourcecode.c.objc; path = DetailsViewController.m; sourceTree = "<group>"; };
		7548BE79287F2C3700BC2070 /* PreferencesViewController.h */ = {isa = PBXFileReference; lastKnownFileType = sourcecode.c.h; path = PreferencesViewController.h; sourceTree = "<group>"; };
		7548BE7A287F2C3700BC2070 /* PreferencesViewController.m */ = {isa = PBXFileReference; lastKnownFileType = sourcecode.c.objc; path = PreferencesViewController.m; sourceTree = "<group>"; };
		7548BE7F288086F200BC2070 /* Keys.plist */ = {isa = PBXFileReference; lastKnownFileType = text.plist.xml; path = Keys.plist; sourceTree = "<group>"; };
		7548BE842881D15700BC2070 /* LikedRecipe.h */ = {isa = PBXFileReference; lastKnownFileType = sourcecode.c.h; path = LikedRecipe.h; sourceTree = "<group>"; };
		7548BE852881D15700BC2070 /* LikedRecipe.m */ = {isa = PBXFileReference; lastKnownFileType = sourcecode.c.objc; path = LikedRecipe.m; sourceTree = "<group>"; };
		7548BE87288EF85800BC2070 /* SearchViewController.h */ = {isa = PBXFileReference; lastKnownFileType = sourcecode.c.h; path = SearchViewController.h; sourceTree = "<group>"; };
		7548BE88288EF85800BC2070 /* SearchViewController.m */ = {isa = PBXFileReference; lastKnownFileType = sourcecode.c.objc; path = SearchViewController.m; sourceTree = "<group>"; };
		7548BE8A288EFC0A00BC2070 /* SearchCollectionReusableView.h */ = {isa = PBXFileReference; lastKnownFileType = sourcecode.c.h; path = SearchCollectionReusableView.h; sourceTree = "<group>"; };
		7548BE8B288EFC0A00BC2070 /* SearchCollectionReusableView.m */ = {isa = PBXFileReference; lastKnownFileType = sourcecode.c.objc; path = SearchCollectionReusableView.m; sourceTree = "<group>"; };
		7548BE902893432700BC2070 /* EmptyCollectionReusableView.h */ = {isa = PBXFileReference; lastKnownFileType = sourcecode.c.h; path = EmptyCollectionReusableView.h; sourceTree = "<group>"; };
		7548BE912893432700BC2070 /* EmptyCollectionReusableView.m */ = {isa = PBXFileReference; lastKnownFileType = sourcecode.c.objc; path = EmptyCollectionReusableView.m; sourceTree = "<group>"; };
		7548BE932894535400BC2070 /* RecipeModel.h */ = {isa = PBXFileReference; lastKnownFileType = sourcecode.c.h; path = RecipeModel.h; sourceTree = "<group>"; };
		7548BE942894535400BC2070 /* RecipeModel.m */ = {isa = PBXFileReference; lastKnownFileType = sourcecode.c.objc; path = RecipeModel.m; sourceTree = "<group>"; };
		754CAA25289D8A34000C980B /* ProfileCollectionReusableView.h */ = {isa = PBXFileReference; lastKnownFileType = sourcecode.c.h; path = ProfileCollectionReusableView.h; sourceTree = "<group>"; };
		754CAA26289D8A34000C980B /* ProfileCollectionReusableView.m */ = {isa = PBXFileReference; lastKnownFileType = sourcecode.c.objc; path = ProfileCollectionReusableView.m; sourceTree = "<group>"; };
		92CB23593C6E5E15CA56F069 /* Pods-RecipeMatch-RecipeMatchUITests.release.xcconfig */ = {isa = PBXFileReference; includeInIndex = 1; lastKnownFileType = text.xcconfig; name = "Pods-RecipeMatch-RecipeMatchUITests.release.xcconfig"; path = "Target Support Files/Pods-RecipeMatch-RecipeMatchUITests/Pods-RecipeMatch-RecipeMatchUITests.release.xcconfig"; sourceTree = "<group>"; };
		B2A4596869D9F6C74E37DA50 /* Pods_RecipeMatchTests.framework */ = {isa = PBXFileReference; explicitFileType = wrapper.framework; includeInIndex = 0; path = Pods_RecipeMatchTests.framework; sourceTree = BUILT_PRODUCTS_DIR; };
		EDF7F65A4F5CA2219A7D4C8B /* Pods-RecipeMatchTests.debug.xcconfig */ = {isa = PBXFileReference; includeInIndex = 1; lastKnownFileType = text.xcconfig; name = "Pods-RecipeMatchTests.debug.xcconfig"; path = "Target Support Files/Pods-RecipeMatchTests/Pods-RecipeMatchTests.debug.xcconfig"; sourceTree = "<group>"; };
/* End PBXFileReference section */

/* Begin PBXFrameworksBuildPhase section */
		750237B02876010F00367EE7 /* Frameworks */ = {
			isa = PBXFrameworksBuildPhase;
			buildActionMask = 2147483647;
			files = (
				CA1A918B51F4079691FD76D0 /* Pods_RecipeMatch.framework in Frameworks */,
			);
			runOnlyForDeploymentPostprocessing = 0;
		};
		750237CB2876011000367EE7 /* Frameworks */ = {
			isa = PBXFrameworksBuildPhase;
			buildActionMask = 2147483647;
			files = (
				16692DC7D729714C79B52211 /* Pods_RecipeMatchTests.framework in Frameworks */,
			);
			runOnlyForDeploymentPostprocessing = 0;
		};
		750237D52876011000367EE7 /* Frameworks */ = {
			isa = PBXFrameworksBuildPhase;
			buildActionMask = 2147483647;
			files = (
				A74E2894CD83D5E1047F12D0 /* Pods_RecipeMatch_RecipeMatchUITests.framework in Frameworks */,
			);
			runOnlyForDeploymentPostprocessing = 0;
		};
/* End PBXFrameworksBuildPhase section */

/* Begin PBXGroup section */
		494737BF63D104D55DFC615B /* Pods */ = {
			isa = PBXGroup;
			children = (
				3B174C8644305350407D6119 /* Pods-RecipeMatch.debug.xcconfig */,
				151AF8F4A19AEE586A669C9B /* Pods-RecipeMatch.release.xcconfig */,
				3F510171507E7DD54422667D /* Pods-RecipeMatch-RecipeMatchUITests.debug.xcconfig */,
				92CB23593C6E5E15CA56F069 /* Pods-RecipeMatch-RecipeMatchUITests.release.xcconfig */,
				EDF7F65A4F5CA2219A7D4C8B /* Pods-RecipeMatchTests.debug.xcconfig */,
				4FB57C47F701FE8B2A43690B /* Pods-RecipeMatchTests.release.xcconfig */,
			);
			path = Pods;
			sourceTree = "<group>";
		};
		750237AA2876010F00367EE7 = {
			isa = PBXGroup;
			children = (
				750237B52876010F00367EE7 /* RecipeMatch */,
				750237D12876011000367EE7 /* RecipeMatchTests */,
				750237DB2876011000367EE7 /* RecipeMatchUITests */,
				750237B42876010F00367EE7 /* Products */,
				494737BF63D104D55DFC615B /* Pods */,
				B04C1BF7DDFD4C2925995BE0 /* Frameworks */,
			);
			sourceTree = "<group>";
		};
		750237B42876010F00367EE7 /* Products */ = {
			isa = PBXGroup;
			children = (
				750237B32876010F00367EE7 /* YesPeas.app */,
				750237CE2876011000367EE7 /* RecipeMatchTests.xctest */,
				750237D82876011000367EE7 /* RecipeMatchUITests.xctest */,
			);
			name = Products;
			sourceTree = "<group>";
		};
		750237B52876010F00367EE7 /* RecipeMatch */ = {
			isa = PBXGroup;
			children = (
				750238172878D65800367EE7 /* Views */,
				750238162878D62700367EE7 /* API */,
				750238062877857100367EE7 /* RecipeMatch.entitlements */,
				750237FE2876201E00367EE7 /* Models */,
				750237F4287609B900367EE7 /* View Controllers */,
				750237B62876010F00367EE7 /* AppDelegate.h */,
				750237B72876010F00367EE7 /* AppDelegate.m */,
				750237B92876010F00367EE7 /* SceneDelegate.h */,
				750237BA2876010F00367EE7 /* SceneDelegate.m */,
				750237BF2876010F00367EE7 /* Main.storyboard */,
				750237C22876011000367EE7 /* Assets.xcassets */,
				750237C42876011000367EE7 /* LaunchScreen.storyboard */,
				750237C72876011000367EE7 /* Info.plist */,
				750237C82876011000367EE7 /* main.m */,
				7548BE7F288086F200BC2070 /* Keys.plist */,
			);
			path = RecipeMatch;
			sourceTree = "<group>";
		};
		750237D12876011000367EE7 /* RecipeMatchTests */ = {
			isa = PBXGroup;
			children = (
				750237D22876011000367EE7 /* RecipeMatchTests.m */,
			);
			path = RecipeMatchTests;
			sourceTree = "<group>";
		};
		750237DB2876011000367EE7 /* RecipeMatchUITests */ = {
			isa = PBXGroup;
			children = (
				750237DC2876011000367EE7 /* RecipeMatchUITests.m */,
				750237DE2876011000367EE7 /* RecipeMatchUITestsLaunchTests.m */,
			);
			path = RecipeMatchUITests;
			sourceTree = "<group>";
		};
		750237F4287609B900367EE7 /* View Controllers */ = {
			isa = PBXGroup;
			children = (
				7548BE79287F2C3700BC2070 /* PreferencesViewController.h */,
				7548BE7A287F2C3700BC2070 /* PreferencesViewController.m */,
				750237EB287601AC00367EE7 /* LoginViewController.h */,
				750237EC287601AC00367EE7 /* LoginViewController.m */,
				750237EE287603C400367EE7 /* ProfileViewController.h */,
				750237EF287603C400367EE7 /* ProfileViewController.m */,
				750237F1287603D700367EE7 /* StreamViewController.h */,
				750237F2287603D700367EE7 /* StreamViewController.m */,
				75023824287CA6E500367EE7 /* DetailsViewController.h */,
				75023825287CA6E500367EE7 /* DetailsViewController.m */,
				7548BE87288EF85800BC2070 /* SearchViewController.h */,
				7548BE88288EF85800BC2070 /* SearchViewController.m */,
			);
			path = "View Controllers";
			sourceTree = "<group>";
		};
		750237FE2876201E00367EE7 /* Models */ = {
			isa = PBXGroup;
			children = (
				7502381B2878E06E00367EE7 /* SavedRecipe.h */,
				7502381C2878E06E00367EE7 /* SavedRecipe.m */,
				7548BE842881D15700BC2070 /* LikedRecipe.h */,
				7548BE852881D15700BC2070 /* LikedRecipe.m */,
				7548BE932894535400BC2070 /* RecipeModel.h */,
				7548BE942894535400BC2070 /* RecipeModel.m */,
			);
			path = Models;
			sourceTree = "<group>";
		};
		750238162878D62700367EE7 /* API */ = {
			isa = PBXGroup;
			children = (
				750238132878D17000367EE7 /* APIManager.h */,
				750238142878D17000367EE7 /* APIManager.m */,
			);
			path = API;
			sourceTree = "<group>";
		};
		750238172878D65800367EE7 /* Views */ = {
			isa = PBXGroup;
			children = (
				750237F5287611AF00367EE7 /* DraggableViewBackground.h */,
				750237F6287611AF00367EE7 /* DraggableViewBackground.m */,
				750237F8287611E900367EE7 /* DraggableView.h */,
				750237F9287611E900367EE7 /* DraggableView.m */,
				750237FB287612BC00367EE7 /* OverlayView.h */,
				750237FC287612BC00367EE7 /* OverlayView.m */,
				75023821287C823300367EE7 /* GridRecipeCell.h */,
				75023822287C823300367EE7 /* GridRecipeCell.m */,
				7548BE8A288EFC0A00BC2070 /* SearchCollectionReusableView.h */,
				7548BE902893432700BC2070 /* EmptyCollectionReusableView.h */,
				7548BE912893432700BC2070 /* EmptyCollectionReusableView.m */,
				7548BE8B288EFC0A00BC2070 /* SearchCollectionReusableView.m */,
				754CAA25289D8A34000C980B /* ProfileCollectionReusableView.h */,
				754CAA26289D8A34000C980B /* ProfileCollectionReusableView.m */,
			);
			path = Views;
			sourceTree = "<group>";
		};
		B04C1BF7DDFD4C2925995BE0 /* Frameworks */ = {
			isa = PBXGroup;
			children = (
				11812B93E8622B188D62C6F7 /* Pods_RecipeMatch.framework */,
				26889765EC5EA3D03E86E404 /* Pods_RecipeMatch_RecipeMatchUITests.framework */,
				B2A4596869D9F6C74E37DA50 /* Pods_RecipeMatchTests.framework */,
			);
			name = Frameworks;
			sourceTree = "<group>";
		};
/* End PBXGroup section */

/* Begin PBXNativeTarget section */
		750237B22876010F00367EE7 /* RecipeMatch */ = {
			isa = PBXNativeTarget;
			buildConfigurationList = 750237E22876011000367EE7 /* Build configuration list for PBXNativeTarget "RecipeMatch" */;
			buildPhases = (
				FCC49817D6FF1601A916BD28 /* [CP] Check Pods Manifest.lock */,
				750237AF2876010F00367EE7 /* Sources */,
				750237B02876010F00367EE7 /* Frameworks */,
				750237B12876010F00367EE7 /* Resources */,
				2E75BB2DCAD71BE8E1043F43 /* [CP] Embed Pods Frameworks */,
			);
			buildRules = (
			);
			dependencies = (
			);
			name = RecipeMatch;
			productName = RecipeMatch;
			productReference = 750237B32876010F00367EE7 /* YesPeas.app */;
			productType = "com.apple.product-type.application";
		};
		750237CD2876011000367EE7 /* RecipeMatchTests */ = {
			isa = PBXNativeTarget;
			buildConfigurationList = 750237E52876011000367EE7 /* Build configuration list for PBXNativeTarget "RecipeMatchTests" */;
			buildPhases = (
				94C1311EA89D83B3388F5C2A /* [CP] Check Pods Manifest.lock */,
				750237CA2876011000367EE7 /* Sources */,
				750237CB2876011000367EE7 /* Frameworks */,
				750237CC2876011000367EE7 /* Resources */,
			);
			buildRules = (
			);
			dependencies = (
				750237D02876011000367EE7 /* PBXTargetDependency */,
			);
			name = RecipeMatchTests;
			productName = RecipeMatchTests;
			productReference = 750237CE2876011000367EE7 /* RecipeMatchTests.xctest */;
			productType = "com.apple.product-type.bundle.unit-test";
		};
		750237D72876011000367EE7 /* RecipeMatchUITests */ = {
			isa = PBXNativeTarget;
			buildConfigurationList = 750237E82876011000367EE7 /* Build configuration list for PBXNativeTarget "RecipeMatchUITests" */;
			buildPhases = (
				0C7FC31C50D7B2D35262079E /* [CP] Check Pods Manifest.lock */,
				750237D42876011000367EE7 /* Sources */,
				750237D52876011000367EE7 /* Frameworks */,
				750237D62876011000367EE7 /* Resources */,
				620A9B2E49D587D52C308F3E /* [CP] Embed Pods Frameworks */,
			);
			buildRules = (
			);
			dependencies = (
				750237DA2876011000367EE7 /* PBXTargetDependency */,
			);
			name = RecipeMatchUITests;
			productName = RecipeMatchUITests;
			productReference = 750237D82876011000367EE7 /* RecipeMatchUITests.xctest */;
			productType = "com.apple.product-type.bundle.ui-testing";
		};
/* End PBXNativeTarget section */

/* Begin PBXProject section */
		750237AB2876010F00367EE7 /* Project object */ = {
			isa = PBXProject;
			attributes = {
				BuildIndependentTargetsInParallel = 1;
				LastUpgradeCheck = 1340;
				TargetAttributes = {
					750237B22876010F00367EE7 = {
						CreatedOnToolsVersion = 13.4;
					};
					750237CD2876011000367EE7 = {
						CreatedOnToolsVersion = 13.4;
						TestTargetID = 750237B22876010F00367EE7;
					};
					750237D72876011000367EE7 = {
						CreatedOnToolsVersion = 13.4;
						TestTargetID = 750237B22876010F00367EE7;
					};
				};
			};
			buildConfigurationList = 750237AE2876010F00367EE7 /* Build configuration list for PBXProject "RecipeMatch" */;
			compatibilityVersion = "Xcode 13.0";
			developmentRegion = en;
			hasScannedForEncodings = 0;
			knownRegions = (
				en,
				Base,
			);
			mainGroup = 750237AA2876010F00367EE7;
			productRefGroup = 750237B42876010F00367EE7 /* Products */;
			projectDirPath = "";
			projectRoot = "";
			targets = (
				750237B22876010F00367EE7 /* RecipeMatch */,
				750237CD2876011000367EE7 /* RecipeMatchTests */,
				750237D72876011000367EE7 /* RecipeMatchUITests */,
			);
		};
/* End PBXProject section */

/* Begin PBXResourcesBuildPhase section */
		750237B12876010F00367EE7 /* Resources */ = {
			isa = PBXResourcesBuildPhase;
			buildActionMask = 2147483647;
			files = (
				7548BE80288086F200BC2070 /* Keys.plist in Resources */,
				750237C62876011000367EE7 /* LaunchScreen.storyboard in Resources */,
				750237C32876011000367EE7 /* Assets.xcassets in Resources */,
				750237C12876010F00367EE7 /* Main.storyboard in Resources */,
			);
			runOnlyForDeploymentPostprocessing = 0;
		};
		750237CC2876011000367EE7 /* Resources */ = {
			isa = PBXResourcesBuildPhase;
			buildActionMask = 2147483647;
			files = (
			);
			runOnlyForDeploymentPostprocessing = 0;
		};
		750237D62876011000367EE7 /* Resources */ = {
			isa = PBXResourcesBuildPhase;
			buildActionMask = 2147483647;
			files = (
			);
			runOnlyForDeploymentPostprocessing = 0;
		};
/* End PBXResourcesBuildPhase section */

/* Begin PBXShellScriptBuildPhase section */
		0C7FC31C50D7B2D35262079E /* [CP] Check Pods Manifest.lock */ = {
			isa = PBXShellScriptBuildPhase;
			buildActionMask = 2147483647;
			files = (
			);
			inputFileListPaths = (
			);
			inputPaths = (
				"${PODS_PODFILE_DIR_PATH}/Podfile.lock",
				"${PODS_ROOT}/Manifest.lock",
			);
			name = "[CP] Check Pods Manifest.lock";
			outputFileListPaths = (
			);
			outputPaths = (
				"$(DERIVED_FILE_DIR)/Pods-RecipeMatch-RecipeMatchUITests-checkManifestLockResult.txt",
			);
			runOnlyForDeploymentPostprocessing = 0;
			shellPath = /bin/sh;
			shellScript = "diff \"${PODS_PODFILE_DIR_PATH}/Podfile.lock\" \"${PODS_ROOT}/Manifest.lock\" > /dev/null\nif [ $? != 0 ] ; then\n    # print error to STDERR\n    echo \"error: The sandbox is not in sync with the Podfile.lock. Run 'pod install' or update your CocoaPods installation.\" >&2\n    exit 1\nfi\n# This output is used by Xcode 'outputs' to avoid re-running this script phase.\necho \"SUCCESS\" > \"${SCRIPT_OUTPUT_FILE_0}\"\n";
			showEnvVarsInLog = 0;
		};
		2E75BB2DCAD71BE8E1043F43 /* [CP] Embed Pods Frameworks */ = {
			isa = PBXShellScriptBuildPhase;
			buildActionMask = 2147483647;
			files = (
			);
			inputFileListPaths = (
				"${PODS_ROOT}/Target Support Files/Pods-RecipeMatch/Pods-RecipeMatch-frameworks-${CONFIGURATION}-input-files.xcfilelist",
			);
			name = "[CP] Embed Pods Frameworks";
			outputFileListPaths = (
				"${PODS_ROOT}/Target Support Files/Pods-RecipeMatch/Pods-RecipeMatch-frameworks-${CONFIGURATION}-output-files.xcfilelist",
			);
			runOnlyForDeploymentPostprocessing = 0;
			shellPath = /bin/sh;
			shellScript = "\"${PODS_ROOT}/Target Support Files/Pods-RecipeMatch/Pods-RecipeMatch-frameworks.sh\"\n";
			showEnvVarsInLog = 0;
		};
		620A9B2E49D587D52C308F3E /* [CP] Embed Pods Frameworks */ = {
			isa = PBXShellScriptBuildPhase;
			buildActionMask = 2147483647;
			files = (
			);
			inputFileListPaths = (
				"${PODS_ROOT}/Target Support Files/Pods-RecipeMatch-RecipeMatchUITests/Pods-RecipeMatch-RecipeMatchUITests-frameworks-${CONFIGURATION}-input-files.xcfilelist",
			);
			name = "[CP] Embed Pods Frameworks";
			outputFileListPaths = (
				"${PODS_ROOT}/Target Support Files/Pods-RecipeMatch-RecipeMatchUITests/Pods-RecipeMatch-RecipeMatchUITests-frameworks-${CONFIGURATION}-output-files.xcfilelist",
			);
			runOnlyForDeploymentPostprocessing = 0;
			shellPath = /bin/sh;
			shellScript = "\"${PODS_ROOT}/Target Support Files/Pods-RecipeMatch-RecipeMatchUITests/Pods-RecipeMatch-RecipeMatchUITests-frameworks.sh\"\n";
			showEnvVarsInLog = 0;
		};
		94C1311EA89D83B3388F5C2A /* [CP] Check Pods Manifest.lock */ = {
			isa = PBXShellScriptBuildPhase;
			buildActionMask = 2147483647;
			files = (
			);
			inputFileListPaths = (
			);
			inputPaths = (
				"${PODS_PODFILE_DIR_PATH}/Podfile.lock",
				"${PODS_ROOT}/Manifest.lock",
			);
			name = "[CP] Check Pods Manifest.lock";
			outputFileListPaths = (
			);
			outputPaths = (
				"$(DERIVED_FILE_DIR)/Pods-RecipeMatchTests-checkManifestLockResult.txt",
			);
			runOnlyForDeploymentPostprocessing = 0;
			shellPath = /bin/sh;
			shellScript = "diff \"${PODS_PODFILE_DIR_PATH}/Podfile.lock\" \"${PODS_ROOT}/Manifest.lock\" > /dev/null\nif [ $? != 0 ] ; then\n    # print error to STDERR\n    echo \"error: The sandbox is not in sync with the Podfile.lock. Run 'pod install' or update your CocoaPods installation.\" >&2\n    exit 1\nfi\n# This output is used by Xcode 'outputs' to avoid re-running this script phase.\necho \"SUCCESS\" > \"${SCRIPT_OUTPUT_FILE_0}\"\n";
			showEnvVarsInLog = 0;
		};
		FCC49817D6FF1601A916BD28 /* [CP] Check Pods Manifest.lock */ = {
			isa = PBXShellScriptBuildPhase;
			buildActionMask = 2147483647;
			files = (
			);
			inputFileListPaths = (
			);
			inputPaths = (
				"${PODS_PODFILE_DIR_PATH}/Podfile.lock",
				"${PODS_ROOT}/Manifest.lock",
			);
			name = "[CP] Check Pods Manifest.lock";
			outputFileListPaths = (
			);
			outputPaths = (
				"$(DERIVED_FILE_DIR)/Pods-RecipeMatch-checkManifestLockResult.txt",
			);
			runOnlyForDeploymentPostprocessing = 0;
			shellPath = /bin/sh;
			shellScript = "diff \"${PODS_PODFILE_DIR_PATH}/Podfile.lock\" \"${PODS_ROOT}/Manifest.lock\" > /dev/null\nif [ $? != 0 ] ; then\n    # print error to STDERR\n    echo \"error: The sandbox is not in sync with the Podfile.lock. Run 'pod install' or update your CocoaPods installation.\" >&2\n    exit 1\nfi\n# This output is used by Xcode 'outputs' to avoid re-running this script phase.\necho \"SUCCESS\" > \"${SCRIPT_OUTPUT_FILE_0}\"\n";
			showEnvVarsInLog = 0;
		};
/* End PBXShellScriptBuildPhase section */

/* Begin PBXSourcesBuildPhase section */
		750237AF2876010F00367EE7 /* Sources */ = {
			isa = PBXSourcesBuildPhase;
			buildActionMask = 2147483647;
			files = (
				750237FA287611E900367EE7 /* DraggableView.m in Sources */,
				750237FD287612BC00367EE7 /* OverlayView.m in Sources */,
				750237F7287611AF00367EE7 /* DraggableViewBackground.m in Sources */,
				7502381D2878E06E00367EE7 /* SavedRecipe.m in Sources */,
				750237B82876010F00367EE7 /* AppDelegate.m in Sources */,
				750237C92876011000367EE7 /* main.m in Sources */,
				7548BE89288EF85800BC2070 /* SearchViewController.m in Sources */,
				750237F3287603D700367EE7 /* StreamViewController.m in Sources */,
				7548BE8C288EFC0A00BC2070 /* SearchCollectionReusableView.m in Sources */,
				7548BE922893432700BC2070 /* EmptyCollectionReusableView.m in Sources */,
				750238152878D17000367EE7 /* APIManager.m in Sources */,
				7548BE862881D15700BC2070 /* LikedRecipe.m in Sources */,
				750237BB2876010F00367EE7 /* SceneDelegate.m in Sources */,
				754CAA27289D8A34000C980B /* ProfileCollectionReusableView.m in Sources */,
				750237F0287603C400367EE7 /* ProfileViewController.m in Sources */,
				75023826287CA6E500367EE7 /* DetailsViewController.m in Sources */,
				7548BE7B287F2C3700BC2070 /* PreferencesViewController.m in Sources */,
				75023823287C823300367EE7 /* GridRecipeCell.m in Sources */,
				750237ED287601AC00367EE7 /* LoginViewController.m in Sources */,
				7548BE952894535400BC2070 /* RecipeModel.m in Sources */,
			);
			runOnlyForDeploymentPostprocessing = 0;
		};
		750237CA2876011000367EE7 /* Sources */ = {
			isa = PBXSourcesBuildPhase;
			buildActionMask = 2147483647;
			files = (
				750237D32876011000367EE7 /* RecipeMatchTests.m in Sources */,
			);
			runOnlyForDeploymentPostprocessing = 0;
		};
		750237D42876011000367EE7 /* Sources */ = {
			isa = PBXSourcesBuildPhase;
			buildActionMask = 2147483647;
			files = (
				750237DF2876011000367EE7 /* RecipeMatchUITestsLaunchTests.m in Sources */,
				750237DD2876011000367EE7 /* RecipeMatchUITests.m in Sources */,
			);
			runOnlyForDeploymentPostprocessing = 0;
		};
/* End PBXSourcesBuildPhase section */

/* Begin PBXTargetDependency section */
		750237D02876011000367EE7 /* PBXTargetDependency */ = {
			isa = PBXTargetDependency;
			target = 750237B22876010F00367EE7 /* RecipeMatch */;
			targetProxy = 750237CF2876011000367EE7 /* PBXContainerItemProxy */;
		};
		750237DA2876011000367EE7 /* PBXTargetDependency */ = {
			isa = PBXTargetDependency;
			target = 750237B22876010F00367EE7 /* RecipeMatch */;
			targetProxy = 750237D92876011000367EE7 /* PBXContainerItemProxy */;
		};
/* End PBXTargetDependency section */

/* Begin PBXVariantGroup section */
		750237BF2876010F00367EE7 /* Main.storyboard */ = {
			isa = PBXVariantGroup;
			children = (
				750237C02876010F00367EE7 /* Base */,
			);
			name = Main.storyboard;
			sourceTree = "<group>";
		};
		750237C42876011000367EE7 /* LaunchScreen.storyboard */ = {
			isa = PBXVariantGroup;
			children = (
				750237C52876011000367EE7 /* Base */,
			);
			name = LaunchScreen.storyboard;
			sourceTree = "<group>";
		};
/* End PBXVariantGroup section */

/* Begin XCBuildConfiguration section */
		750237E02876011000367EE7 /* Debug */ = {
			isa = XCBuildConfiguration;
			buildSettings = {
				ALWAYS_SEARCH_USER_PATHS = NO;
				CLANG_ANALYZER_NONNULL = YES;
				CLANG_ANALYZER_NUMBER_OBJECT_CONVERSION = YES_AGGRESSIVE;
				CLANG_CXX_LANGUAGE_STANDARD = "gnu++17";
				CLANG_ENABLE_MODULES = YES;
				CLANG_ENABLE_OBJC_ARC = YES;
				CLANG_ENABLE_OBJC_WEAK = YES;
				CLANG_WARN_BLOCK_CAPTURE_AUTORELEASING = YES;
				CLANG_WARN_BOOL_CONVERSION = YES;
				CLANG_WARN_COMMA = YES;
				CLANG_WARN_CONSTANT_CONVERSION = YES;
				CLANG_WARN_DEPRECATED_OBJC_IMPLEMENTATIONS = YES;
				CLANG_WARN_DIRECT_OBJC_ISA_USAGE = YES_ERROR;
				CLANG_WARN_DOCUMENTATION_COMMENTS = YES;
				CLANG_WARN_EMPTY_BODY = YES;
				CLANG_WARN_ENUM_CONVERSION = YES;
				CLANG_WARN_INFINITE_RECURSION = YES;
				CLANG_WARN_INT_CONVERSION = YES;
				CLANG_WARN_NON_LITERAL_NULL_CONVERSION = YES;
				CLANG_WARN_OBJC_IMPLICIT_RETAIN_SELF = YES;
				CLANG_WARN_OBJC_LITERAL_CONVERSION = YES;
				CLANG_WARN_OBJC_ROOT_CLASS = YES_ERROR;
				CLANG_WARN_QUOTED_INCLUDE_IN_FRAMEWORK_HEADER = YES;
				CLANG_WARN_RANGE_LOOP_ANALYSIS = YES;
				CLANG_WARN_STRICT_PROTOTYPES = YES;
				CLANG_WARN_SUSPICIOUS_MOVE = YES;
				CLANG_WARN_UNGUARDED_AVAILABILITY = YES_AGGRESSIVE;
				CLANG_WARN_UNREACHABLE_CODE = YES;
				CLANG_WARN__DUPLICATE_METHOD_MATCH = YES;
				COPY_PHASE_STRIP = NO;
				DEBUG_INFORMATION_FORMAT = dwarf;
				ENABLE_STRICT_OBJC_MSGSEND = YES;
				ENABLE_TESTABILITY = YES;
				GCC_C_LANGUAGE_STANDARD = gnu11;
				GCC_DYNAMIC_NO_PIC = NO;
				GCC_NO_COMMON_BLOCKS = YES;
				GCC_OPTIMIZATION_LEVEL = 0;
				GCC_PREPROCESSOR_DEFINITIONS = (
					"DEBUG=1",
					"$(inherited)",
				);
				GCC_WARN_64_TO_32_BIT_CONVERSION = YES;
				GCC_WARN_ABOUT_RETURN_TYPE = YES_ERROR;
				GCC_WARN_UNDECLARED_SELECTOR = YES;
				GCC_WARN_UNINITIALIZED_AUTOS = YES_AGGRESSIVE;
				GCC_WARN_UNUSED_FUNCTION = YES;
				GCC_WARN_UNUSED_VARIABLE = YES;
				IPHONEOS_DEPLOYMENT_TARGET = 15.5;
				MTL_ENABLE_DEBUG_INFO = INCLUDE_SOURCE;
				MTL_FAST_MATH = YES;
				ONLY_ACTIVE_ARCH = YES;
				SDKROOT = iphoneos;
			};
			name = Debug;
		};
		750237E12876011000367EE7 /* Release */ = {
			isa = XCBuildConfiguration;
			buildSettings = {
				ALWAYS_SEARCH_USER_PATHS = NO;
				CLANG_ANALYZER_NONNULL = YES;
				CLANG_ANALYZER_NUMBER_OBJECT_CONVERSION = YES_AGGRESSIVE;
				CLANG_CXX_LANGUAGE_STANDARD = "gnu++17";
				CLANG_ENABLE_MODULES = YES;
				CLANG_ENABLE_OBJC_ARC = YES;
				CLANG_ENABLE_OBJC_WEAK = YES;
				CLANG_WARN_BLOCK_CAPTURE_AUTORELEASING = YES;
				CLANG_WARN_BOOL_CONVERSION = YES;
				CLANG_WARN_COMMA = YES;
				CLANG_WARN_CONSTANT_CONVERSION = YES;
				CLANG_WARN_DEPRECATED_OBJC_IMPLEMENTATIONS = YES;
				CLANG_WARN_DIRECT_OBJC_ISA_USAGE = YES_ERROR;
				CLANG_WARN_DOCUMENTATION_COMMENTS = YES;
				CLANG_WARN_EMPTY_BODY = YES;
				CLANG_WARN_ENUM_CONVERSION = YES;
				CLANG_WARN_INFINITE_RECURSION = YES;
				CLANG_WARN_INT_CONVERSION = YES;
				CLANG_WARN_NON_LITERAL_NULL_CONVERSION = YES;
				CLANG_WARN_OBJC_IMPLICIT_RETAIN_SELF = YES;
				CLANG_WARN_OBJC_LITERAL_CONVERSION = YES;
				CLANG_WARN_OBJC_ROOT_CLASS = YES_ERROR;
				CLANG_WARN_QUOTED_INCLUDE_IN_FRAMEWORK_HEADER = YES;
				CLANG_WARN_RANGE_LOOP_ANALYSIS = YES;
				CLANG_WARN_STRICT_PROTOTYPES = YES;
				CLANG_WARN_SUSPICIOUS_MOVE = YES;
				CLANG_WARN_UNGUARDED_AVAILABILITY = YES_AGGRESSIVE;
				CLANG_WARN_UNREACHABLE_CODE = YES;
				CLANG_WARN__DUPLICATE_METHOD_MATCH = YES;
				COPY_PHASE_STRIP = NO;
				DEBUG_INFORMATION_FORMAT = "dwarf-with-dsym";
				ENABLE_NS_ASSERTIONS = NO;
				ENABLE_STRICT_OBJC_MSGSEND = YES;
				GCC_C_LANGUAGE_STANDARD = gnu11;
				GCC_NO_COMMON_BLOCKS = YES;
				GCC_WARN_64_TO_32_BIT_CONVERSION = YES;
				GCC_WARN_ABOUT_RETURN_TYPE = YES_ERROR;
				GCC_WARN_UNDECLARED_SELECTOR = YES;
				GCC_WARN_UNINITIALIZED_AUTOS = YES_AGGRESSIVE;
				GCC_WARN_UNUSED_FUNCTION = YES;
				GCC_WARN_UNUSED_VARIABLE = YES;
				IPHONEOS_DEPLOYMENT_TARGET = 15.5;
				MTL_ENABLE_DEBUG_INFO = NO;
				MTL_FAST_MATH = YES;
				SDKROOT = iphoneos;
				VALIDATE_PRODUCT = YES;
			};
			name = Release;
		};
		750237E32876011000367EE7 /* Debug */ = {
			isa = XCBuildConfiguration;
			baseConfigurationReference = 3B174C8644305350407D6119 /* Pods-RecipeMatch.debug.xcconfig */;
			buildSettings = {
				ASSETCATALOG_COMPILER_APPICON_NAME = AppIcon;
				ASSETCATALOG_COMPILER_GLOBAL_ACCENT_COLOR_NAME = AccentColor;
				CODE_SIGN_ENTITLEMENTS = RecipeMatch/RecipeMatch.entitlements;
				CODE_SIGN_STYLE = Automatic;
				CURRENT_PROJECT_VERSION = 1;
				DEVELOPMENT_TEAM = 48LVGTR23Q;
				GENERATE_INFOPLIST_FILE = YES;
				INFOPLIST_FILE = RecipeMatch/Info.plist;
				INFOPLIST_KEY_UIApplicationSupportsIndirectInputEvents = YES;
				INFOPLIST_KEY_UILaunchStoryboardName = LaunchScreen;
				INFOPLIST_KEY_UIMainStoryboardFile = Main;
				INFOPLIST_KEY_UISupportedInterfaceOrientations_iPad = "UIInterfaceOrientationPortrait UIInterfaceOrientationPortraitUpsideDown UIInterfaceOrientationLandscapeLeft UIInterfaceOrientationLandscapeRight";
				INFOPLIST_KEY_UISupportedInterfaceOrientations_iPhone = "UIInterfaceOrientationPortrait UIInterfaceOrientationLandscapeLeft UIInterfaceOrientationLandscapeRight";
				LD_RUNPATH_SEARCH_PATHS = (
					"$(inherited)",
					"@executable_path/Frameworks",
				);
				MARKETING_VERSION = 1.0;
				PRODUCT_BUNDLE_IDENTIFIER = com.ellabuysse.RecipeMatch;
				PRODUCT_NAME = YesPeas;
				SWIFT_EMIT_LOC_STRINGS = YES;
				TARGETED_DEVICE_FAMILY = "1,2";
			};
			name = Debug;
		};
		750237E42876011000367EE7 /* Release */ = {
			isa = XCBuildConfiguration;
			baseConfigurationReference = 151AF8F4A19AEE586A669C9B /* Pods-RecipeMatch.release.xcconfig */;
			buildSettings = {
				ASSETCATALOG_COMPILER_APPICON_NAME = AppIcon;
				ASSETCATALOG_COMPILER_GLOBAL_ACCENT_COLOR_NAME = AccentColor;
				CODE_SIGN_ENTITLEMENTS = RecipeMatch/RecipeMatch.entitlements;
				CODE_SIGN_STYLE = Automatic;
				CURRENT_PROJECT_VERSION = 1;
				DEVELOPMENT_TEAM = 48LVGTR23Q;
				GENERATE_INFOPLIST_FILE = YES;
				INFOPLIST_FILE = RecipeMatch/Info.plist;
				INFOPLIST_KEY_UIApplicationSupportsIndirectInputEvents = YES;
				INFOPLIST_KEY_UILaunchStoryboardName = LaunchScreen;
				INFOPLIST_KEY_UIMainStoryboardFile = Main;
				INFOPLIST_KEY_UISupportedInterfaceOrientations_iPad = "UIInterfaceOrientationPortrait UIInterfaceOrientationPortraitUpsideDown UIInterfaceOrientationLandscapeLeft UIInterfaceOrientationLandscapeRight";
				INFOPLIST_KEY_UISupportedInterfaceOrientations_iPhone = "UIInterfaceOrientationPortrait UIInterfaceOrientationLandscapeLeft UIInterfaceOrientationLandscapeRight";
				LD_RUNPATH_SEARCH_PATHS = (
					"$(inherited)",
					"@executable_path/Frameworks",
				);
				MARKETING_VERSION = 1.0;
				PRODUCT_BUNDLE_IDENTIFIER = com.ellabuysse.RecipeMatch;
				PRODUCT_NAME = YesPeas;
				SWIFT_EMIT_LOC_STRINGS = YES;
				TARGETED_DEVICE_FAMILY = "1,2";
			};
			name = Release;
		};
		750237E62876011000367EE7 /* Debug */ = {
			isa = XCBuildConfiguration;
			baseConfigurationReference = EDF7F65A4F5CA2219A7D4C8B /* Pods-RecipeMatchTests.debug.xcconfig */;
			buildSettings = {
				BUNDLE_LOADER = "$(TEST_HOST)";
				CODE_SIGN_STYLE = Automatic;
				CURRENT_PROJECT_VERSION = 1;
				DEVELOPMENT_TEAM = 48LVGTR23Q;
				GENERATE_INFOPLIST_FILE = YES;
				IPHONEOS_DEPLOYMENT_TARGET = 15.5;
				MARKETING_VERSION = 1.0;
				PRODUCT_BUNDLE_IDENTIFIER = com.ellabuysse.RecipeMatchTests;
				PRODUCT_NAME = "$(TARGET_NAME)";
				SWIFT_EMIT_LOC_STRINGS = NO;
				TARGETED_DEVICE_FAMILY = "1,2";
				TEST_HOST = "$(BUILT_PRODUCTS_DIR)/RecipeMatch.app/RecipeMatch";
			};
			name = Debug;
		};
		750237E72876011000367EE7 /* Release */ = {
			isa = XCBuildConfiguration;
			baseConfigurationReference = 4FB57C47F701FE8B2A43690B /* Pods-RecipeMatchTests.release.xcconfig */;
			buildSettings = {
				BUNDLE_LOADER = "$(TEST_HOST)";
				CODE_SIGN_STYLE = Automatic;
				CURRENT_PROJECT_VERSION = 1;
				DEVELOPMENT_TEAM = 48LVGTR23Q;
				GENERATE_INFOPLIST_FILE = YES;
				IPHONEOS_DEPLOYMENT_TARGET = 15.5;
				MARKETING_VERSION = 1.0;
				PRODUCT_BUNDLE_IDENTIFIER = com.ellabuysse.RecipeMatchTests;
				PRODUCT_NAME = "$(TARGET_NAME)";
				SWIFT_EMIT_LOC_STRINGS = NO;
				TARGETED_DEVICE_FAMILY = "1,2";
				TEST_HOST = "$(BUILT_PRODUCTS_DIR)/RecipeMatch.app/RecipeMatch";
			};
			name = Release;
		};
		750237E92876011000367EE7 /* Debug */ = {
			isa = XCBuildConfiguration;
			baseConfigurationReference = 3F510171507E7DD54422667D /* Pods-RecipeMatch-RecipeMatchUITests.debug.xcconfig */;
			buildSettings = {
				CODE_SIGN_STYLE = Automatic;
				CURRENT_PROJECT_VERSION = 1;
				DEVELOPMENT_TEAM = 48LVGTR23Q;
				GENERATE_INFOPLIST_FILE = YES;
				MARKETING_VERSION = 1.0;
				PRODUCT_BUNDLE_IDENTIFIER = com.ellabuysse.RecipeMatchUITests;
				PRODUCT_NAME = "$(TARGET_NAME)";
				SWIFT_EMIT_LOC_STRINGS = NO;
				TARGETED_DEVICE_FAMILY = "1,2";
				TEST_TARGET_NAME = RecipeMatch;
			};
			name = Debug;
		};
		750237EA2876011000367EE7 /* Release */ = {
			isa = XCBuildConfiguration;
			baseConfigurationReference = 92CB23593C6E5E15CA56F069 /* Pods-RecipeMatch-RecipeMatchUITests.release.xcconfig */;
			buildSettings = {
				CODE_SIGN_STYLE = Automatic;
				CURRENT_PROJECT_VERSION = 1;
				DEVELOPMENT_TEAM = 48LVGTR23Q;
				GENERATE_INFOPLIST_FILE = YES;
				MARKETING_VERSION = 1.0;
				PRODUCT_BUNDLE_IDENTIFIER = com.ellabuysse.RecipeMatchUITests;
				PRODUCT_NAME = "$(TARGET_NAME)";
				SWIFT_EMIT_LOC_STRINGS = NO;
				TARGETED_DEVICE_FAMILY = "1,2";
				TEST_TARGET_NAME = RecipeMatch;
			};
			name = Release;
		};
/* End XCBuildConfiguration section */

/* Begin XCConfigurationList section */
		750237AE2876010F00367EE7 /* Build configuration list for PBXProject "RecipeMatch" */ = {
			isa = XCConfigurationList;
			buildConfigurations = (
				750237E02876011000367EE7 /* Debug */,
				750237E12876011000367EE7 /* Release */,
			);
			defaultConfigurationIsVisible = 0;
			defaultConfigurationName = Release;
		};
		750237E22876011000367EE7 /* Build configuration list for PBXNativeTarget "RecipeMatch" */ = {
			isa = XCConfigurationList;
			buildConfigurations = (
				750237E32876011000367EE7 /* Debug */,
				750237E42876011000367EE7 /* Release */,
			);
			defaultConfigurationIsVisible = 0;
			defaultConfigurationName = Release;
		};
		750237E52876011000367EE7 /* Build configuration list for PBXNativeTarget "RecipeMatchTests" */ = {
			isa = XCConfigurationList;
			buildConfigurations = (
				750237E62876011000367EE7 /* Debug */,
				750237E72876011000367EE7 /* Release */,
			);
			defaultConfigurationIsVisible = 0;
			defaultConfigurationName = Release;
		};
		750237E82876011000367EE7 /* Build configuration list for PBXNativeTarget "RecipeMatchUITests" */ = {
			isa = XCConfigurationList;
			buildConfigurations = (
				750237E92876011000367EE7 /* Debug */,
				750237EA2876011000367EE7 /* Release */,
			);
			defaultConfigurationIsVisible = 0;
			defaultConfigurationName = Release;
		};
/* End XCConfigurationList section */
	};
	rootObject = 750237AB2876010F00367EE7 /* Project object */;
}
